
Microsoft Visual Studio Solution File, Format Version 12.00
# Visual Studio 15
VisualStudioVersion = 15.0.28307.572
MinimumVisualStudioVersion = 10.0.40219.1
Project("{FAE04EC0-301F-11D3-BF4B-00C04F79EFBC}") = "Client", "Client\Client.csproj", "{FE9FE0BB-8DF1-4446-8A37-60CD75F73124}"
EndProject
Project("{FAE04EC0-301F-11D3-BF4B-00C04F79EFBC}") = "BilgeAdam.Data", "..\BilgeAdam\BilgeAdam.Data\BilgeAdam.Data.csproj", "{F3C490DC-8092-4823-A236-76003861F712}"
EndProject
Project("{FAE04EC0-301F-11D3-BF4B-00C04F79EFBC}") = "BilgeAdam.Helper", "..\BilgeAdam\BilgeAdam.Helper\BilgeAdam.Helper.csproj", "{4FC622DD-7F10-4CA4-876E-77F81B382ACD}"
EndProject
Global
	GlobalSection(SolutionConfigurationPlatforms) = preSolution
		Debug|Any CPU = Debug|Any CPU
		Release|Any CPU = Release|Any CPU
	EndGlobalSection
	GlobalSection(ProjectConfigurationPlatforms) = postSolution
		{FE9FE0BB-8DF1-4446-8A37-60CD75F73124}.Debug|Any CPU.ActiveCfg = Debug|Any CPU
		{FE9FE0BB-8DF1-4446-8A37-60CD75F73124}.Debug|Any CPU.Build.0 = Debug|Any CPU
		{FE9FE0BB-8DF1-4446-8A37-60CD75F73124}.Release|Any CPU.ActiveCfg = Release|Any CPU
		{FE9FE0BB-8DF1-4446-8A37-60CD75F73124}.Release|Any CPU.Build.0 = Release|Any CPU
		{F3C490DC-8092-4823-A236-76003861F712}.Debug|Any CPU.ActiveCfg = Debug|Any CPU
		{F3C490DC-8092-4823-A236-76003861F712}.Debug|Any CPU.Build.0 = Debug|Any CPU
		{F3C490DC-8092-4823-A236-76003861F712}.Release|Any CPU.ActiveCfg = Release|Any CPU
		{F3C490DC-8092-4823-A236-76003861F712}.Release|Any CPU.Build.0 = Release|Any CPU
		{4FC622DD-7F10-4CA4-876E-77F81B382ACD}.Debug|Any CPU.ActiveCfg = Debug|Any CPU
		{4FC622DD-7F10-4CA4-876E-77F81B382ACD}.Debug|Any CPU.Build.0 = Debug|Any CPU
		{4FC622DD-7F10-4CA4-876E-77F81B382ACD}.Release|Any CPU.ActiveCfg = Release|Any CPU
		{4FC622DD-7F10-4CA4-876E-77F81B382ACD}.Release|Any CPU.Build.0 = Release|Any CPU
	EndGlobalSection
	GlobalSection(SolutionProperties) = preSolution
		HideSolutionNode = FALSE
	EndGlobalSection
	GlobalSection(ExtensibilityGlobals) = postSolution
		SolutionGuid = {00E371A1-9D95-4045-B4D6-E761C1A7DFC3}
	EndGlobalSection
EndGlobal
